// !$*UTF8*$!
{
	archiveVersion = 1;
	classes = {
	};
	objectVersion = 56;
	objects = {

/* Begin PBXBuildFile section */
		5E3ADEC72AD229D70099577A /* AppDelegate.swift in Sources */ = {isa = PBXBuildFile; fileRef = 5E3ADEC62AD229D70099577A /* AppDelegate.swift */; };
		5E3ADEC92AD229D70099577A /* SceneDelegate.swift in Sources */ = {isa = PBXBuildFile; fileRef = 5E3ADEC82AD229D70099577A /* SceneDelegate.swift */; };
		5E3ADECB2AD229D70099577A /* ViewController.swift in Sources */ = {isa = PBXBuildFile; fileRef = 5E3ADECA2AD229D70099577A /* ViewController.swift */; };
		5E3ADECE2AD229D70099577A /* Main.storyboard in Resources */ = {isa = PBXBuildFile; fileRef = 5E3ADECC2AD229D70099577A /* Main.storyboard */; };
		5E3ADED02AD229DA0099577A /* Assets.xcassets in Resources */ = {isa = PBXBuildFile; fileRef = 5E3ADECF2AD229DA0099577A /* Assets.xcassets */; };
		5E3ADED32AD229DA0099577A /* LaunchScreen.storyboard in Resources */ = {isa = PBXBuildFile; fileRef = 5E3ADED12AD229DA0099577A /* LaunchScreen.storyboard */; };
		5E3ADEDB2AD22A640099577A /* secondViewController.swift in Sources */ = {isa = PBXBuildFile; fileRef = 5E3ADEDA2AD22A640099577A /* secondViewController.swift */; };
		5E3ADEDD2AD22A720099577A /* threeViewController.swift in Sources */ = {isa = PBXBuildFile; fileRef = 5E3ADEDC2AD22A720099577A /* threeViewController.swift */; };
		5E3ADEDF2AD22A7F0099577A /* fourViewController.swift in Sources */ = {isa = PBXBuildFile; fileRef = 5E3ADEDE2AD22A7F0099577A /* fourViewController.swift */; };
		5E3ADEE12AD22BC10099577A /* fiveViewController.swift in Sources */ = {isa = PBXBuildFile; fileRef = 5E3ADEE02AD22BC10099577A /* fiveViewController.swift */; };
		5E3ADEE32AD22BD30099577A /* sixViewController.swift in Sources */ = {isa = PBXBuildFile; fileRef = 5E3ADEE22AD22BD30099577A /* sixViewController.swift */; };
		5E3ADEE52AD22BE00099577A /* sevenViewController.swift in Sources */ = {isa = PBXBuildFile; fileRef = 5E3ADEE42AD22BE00099577A /* sevenViewController.swift */; };
		5E3ADEE72AD22BEE0099577A /* eightViewController.swift in Sources */ = {isa = PBXBuildFile; fileRef = 5E3ADEE62AD22BEE0099577A /* eightViewController.swift */; };
		5E3ADEE92AD22C000099577A /* nineViewController.swift in Sources */ = {isa = PBXBuildFile; fileRef = 5E3ADEE82AD22C000099577A /* nineViewController.swift */; };
		5EB563B92AD4D25800451154 /* extention.swift in Sources */ = {isa = PBXBuildFile; fileRef = 5EB563B82AD4D25800451154 /* extention.swift */; };
		5EB563BB2AD4D48800451154 /* networkViewController.swift in Sources */ = {isa = PBXBuildFile; fileRef = 5EB563BA2AD4D48800451154 /* networkViewController.swift */; };
/* End PBXBuildFile section */

/* Begin PBXFileReference section */
		5E3ADEC32AD229D70099577A /* navigation.app */ = {isa = PBXFileReference; explicitFileType = wrapper.application; includeInIndex = 0; path = navigation.app; sourceTree = BUILT_PRODUCTS_DIR; };
		5E3ADEC62AD229D70099577A /* AppDelegate.swift */ = {isa = PBXFileReference; lastKnownFileType = sourcecode.swift; path = AppDelegate.swift; sourceTree = "<group>"; };
		5E3ADEC82AD229D70099577A /* SceneDelegate.swift */ = {isa = PBXFileReference; lastKnownFileType = sourcecode.swift; path = SceneDelegate.swift; sourceTree = "<group>"; };
		5E3ADECA2AD229D70099577A /* ViewController.swift */ = {isa = PBXFileReference; lastKnownFileType = sourcecode.swift; path = ViewController.swift; sourceTree = "<group>"; };
		5E3ADECD2AD229D70099577A /* Base */ = {isa = PBXFileReference; lastKnownFileType = file.storyboard; name = Base; path = Base.lproj/Main.storyboard; sourceTree = "<group>"; };
		5E3ADECF2AD229DA0099577A /* Assets.xcassets */ = {isa = PBXFileReference; lastKnownFileType = folder.assetcatalog; path = Assets.xcassets; sourceTree = "<group>"; };
		5E3ADED22AD229DA0099577A /* Base */ = {isa = PBXFileReference; lastKnownFileType = file.storyboard; name = Base; path = Base.lproj/LaunchScreen.storyboard; sourceTree = "<group>"; };
		5E3ADED42AD229DA0099577A /* Info.plist */ = {isa = PBXFileReference; lastKnownFileType = text.plist.xml; path = Info.plist; sourceTree = "<group>"; };
		5E3ADEDA2AD22A640099577A /* secondViewController.swift */ = {isa = PBXFileReference; lastKnownFileType = sourcecode.swift; path = secondViewController.swift; sourceTree = "<group>"; };
		5E3ADEDC2AD22A720099577A /* threeViewController.swift */ = {isa = PBXFileReference; lastKnownFileType = sourcecode.swift; path = threeViewController.swift; sourceTree = "<group>"; };
		5E3ADEDE2AD22A7F0099577A /* fourViewController.swift */ = {isa = PBXFileReference; lastKnownFileType = sourcecode.swift; path = fourViewController.swift; sourceTree = "<group>"; };
		5E3ADEE02AD22BC10099577A /* fiveViewController.swift */ = {isa = PBXFileReference; lastKnownFileType = sourcecode.swift; path = fiveViewController.swift; sourceTree = "<group>"; };
		5E3ADEE22AD22BD30099577A /* sixViewController.swift */ = {isa = PBXFileReference; lastKnownFileType = sourcecode.swift; path = sixViewController.swift; sourceTree = "<group>"; };
		5E3ADEE42AD22BE00099577A /* sevenViewController.swift */ = {isa = PBXFileReference; lastKnownFileType = sourcecode.swift; path = sevenViewController.swift; sourceTree = "<group>"; };
		5E3ADEE62AD22BEE0099577A /* eightViewController.swift */ = {isa = PBXFileReference; lastKnownFileType = sourcecode.swift; path = eightViewController.swift; sourceTree = "<group>"; };
		5E3ADEE82AD22C000099577A /* nineViewController.swift */ = {isa = PBXFileReference; lastKnownFileType = sourcecode.swift; path = nineViewController.swift; sourceTree = "<group>"; };
		5EB563B82AD4D25800451154 /* extention.swift */ = {isa = PBXFileReference; lastKnownFileType = sourcecode.swift; path = extention.swift; sourceTree = "<group>"; };
		5EB563BA2AD4D48800451154 /* networkViewController.swift */ = {isa = PBXFileReference; lastKnownFileType = sourcecode.swift; path = networkViewController.swift; sourceTree = "<group>"; };
/* End PBXFileReference section */

/* Begin PBXFrameworksBuildPhase section */
		5E3ADEC02AD229D70099577A /* Frameworks */ = {
			isa = PBXFrameworksBuildPhase;
			buildActionMask = 2147483647;
			files = (
			);
			runOnlyForDeploymentPostprocessing = 0;
		};
/* End PBXFrameworksBuildPhase section */

/* Begin PBXGroup section */
		5E3ADEBA2AD229D70099577A = {
			isa = PBXGroup;
			children = (
				5E3ADEC52AD229D70099577A /* navigation */,
				5E3ADEC42AD229D70099577A /* Products */,
			);
			sourceTree = "<group>";
		};
		5E3ADEC42AD229D70099577A /* Products */ = {
			isa = PBXGroup;
			children = (
				5E3ADEC32AD229D70099577A /* navigation.app */,
			);
			name = Products;
			sourceTree = "<group>";
		};
		5E3ADEC52AD229D70099577A /* navigation */ = {
			isa = PBXGroup;
			children = (
				5E3ADEC62AD229D70099577A /* AppDelegate.swift */,
				5E3ADEC82AD229D70099577A /* SceneDelegate.swift */,
				5E3ADECA2AD229D70099577A /* ViewController.swift */,
				5E3ADECC2AD229D70099577A /* Main.storyboard */,
				5E3ADECF2AD229DA0099577A /* Assets.xcassets */,
				5E3ADED12AD229DA0099577A /* LaunchScreen.storyboard */,
				5E3ADED42AD229DA0099577A /* Info.plist */,
				5E3ADEDA2AD22A640099577A /* secondViewController.swift */,
				5E3ADEDC2AD22A720099577A /* threeViewController.swift */,
				5E3ADEDE2AD22A7F0099577A /* fourViewController.swift */,
				5E3ADEE02AD22BC10099577A /* fiveViewController.swift */,
				5E3ADEE22AD22BD30099577A /* sixViewController.swift */,
				5E3ADEE42AD22BE00099577A /* sevenViewController.swift */,
				5E3ADEE62AD22BEE0099577A /* eightViewController.swift */,
				5E3ADEE82AD22C000099577A /* nineViewController.swift */,
				5EB563B82AD4D25800451154 /* extention.swift */,
				5EB563BA2AD4D48800451154 /* networkViewController.swift */,
			);
			path = navigation;
			sourceTree = "<group>";
		};
/* End PBXGroup section */

/* Begin PBXNativeTarget section */
		5E3ADEC22AD229D70099577A /* navigation */ = {
			isa = PBXNativeTarget;
			buildConfigurationList = 5E3ADED72AD229DA0099577A /* Build configuration list for PBXNativeTarget "navigation" */;
			buildPhases = (
				5E3ADEBF2AD229D70099577A /* Sources */,
				5E3ADEC02AD229D70099577A /* Frameworks */,
				5E3ADEC12AD229D70099577A /* Resources */,
			);
			buildRules = (
			);
			dependencies = (
			);
			name = navigation;
			productName = Jaykumar_Lukhi_8941198_lab5;
			productReference = 5E3ADEC32AD229D70099577A /* navigation.app */;
			productType = "com.apple.product-type.application";
		};
/* End PBXNativeTarget section */

/* Begin PBXProject section */
		5E3ADEBB2AD229D70099577A /* Project object */ = {
			isa = PBXProject;
			attributes = {
				BuildIndependentTargetsInParallel = 1;
				LastSwiftUpdateCheck = 1420;
				LastUpgradeCheck = 1420;
				TargetAttributes = {
					5E3ADEC22AD229D70099577A = {
						CreatedOnToolsVersion = 14.2;
					};
				};
			};
			buildConfigurationList = 5E3ADEBE2AD229D70099577A /* Build configuration list for PBXProject "navigation" */;
			compatibilityVersion = "Xcode 14.0";
			developmentRegion = en;
			hasScannedForEncodings = 0;
			knownRegions = (
				en,
				Base,
			);
			mainGroup = 5E3ADEBA2AD229D70099577A;
			productRefGroup = 5E3ADEC42AD229D70099577A /* Products */;
			projectDirPath = "";
			projectRoot = "";
			targets = (
				5E3ADEC22AD229D70099577A /* navigation */,
			);
		};
/* End PBXProject section */

/* Begin PBXResourcesBuildPhase section */
		5E3ADEC12AD229D70099577A /* Resources */ = {
			isa = PBXResourcesBuildPhase;
			buildActionMask = 2147483647;
			files = (
				5E3ADED32AD229DA0099577A /* LaunchScreen.storyboard in Resources */,
				5E3ADED02AD229DA0099577A /* Assets.xcassets in Resources */,
				5E3ADECE2AD229D70099577A /* Main.storyboard in Resources */,
			);
			runOnlyForDeploymentPostprocessing = 0;
		};
/* End PBXResourcesBuildPhase section */

/* Begin PBXSourcesBuildPhase section */
		5E3ADEBF2AD229D70099577A /* Sources */ = {
			isa = PBXSourcesBuildPhase;
			buildActionMask = 2147483647;
			files = (
				5E3ADEE52AD22BE00099577A /* sevenViewController.swift in Sources */,
				5E3ADEE12AD22BC10099577A /* fiveViewController.swift in Sources */,
				5E3ADEDD2AD22A720099577A /* threeViewController.swift in Sources */,
				5EB563BB2AD4D48800451154 /* networkViewController.swift in Sources */,
				5E3ADEDB2AD22A640099577A /* secondViewController.swift in Sources */,
				5EB563B92AD4D25800451154 /* extention.swift in Sources */,
				5E3ADEE92AD22C000099577A /* nineViewController.swift in Sources */,
				5E3ADEE72AD22BEE0099577A /* eightViewController.swift in Sources */,
				5E3ADECB2AD229D70099577A /* ViewController.swift in Sources */,
				5E3ADEC72AD229D70099577A /* AppDelegate.swift in Sources */,
				5E3ADEE32AD22BD30099577A /* sixViewController.swift in Sources */,
				5E3ADEDF2AD22A7F0099577A /* fourViewController.swift in Sources */,
				5E3ADEC92AD229D70099577A /* SceneDelegate.swift in Sources */,
			);
			runOnlyForDeploymentPostprocessing = 0;
		};
/* End PBXSourcesBuildPhase section */

/* Begin PBXVariantGroup section */
		5E3ADECC2AD229D70099577A /* Main.storyboard */ = {
			isa = PBXVariantGroup;
			children = (
				5E3ADECD2AD229D70099577A /* Base */,
			);
			name = Main.storyboard;
			sourceTree = "<group>";
		};
		5E3ADED12AD229DA0099577A /* LaunchScreen.storyboard */ = {
			isa = PBXVariantGroup;
			children = (
				5E3ADED22AD229DA0099577A /* Base */,
			);
			name = LaunchScreen.storyboard;
			sourceTree = "<group>";
		};
/* End PBXVariantGroup section */

/* Begin XCBuildConfiguration section */
		5E3ADED52AD229DA0099577A /* Debug */ = {
			isa = XCBuildConfiguration;
			buildSettings = {
				ALWAYS_SEARCH_USER_PATHS = NO;
				CLANG_ANALYZER_NONNULL = YES;
				CLANG_ANALYZER_NUMBER_OBJECT_CONVERSION = YES_AGGRESSIVE;
				CLANG_CXX_LANGUAGE_STANDARD = "gnu++20";
				CLANG_ENABLE_MODULES = YES;
				CLANG_ENABLE_OBJC_ARC = YES;
				CLANG_ENABLE_OBJC_WEAK = YES;
				CLANG_WARN_BLOCK_CAPTURE_AUTORELEASING = YES;
				CLANG_WARN_BOOL_CONVERSION = YES;
				CLANG_WARN_COMMA = YES;
				CLANG_WARN_CONSTANT_CONVERSION = YES;
				CLANG_WARN_DEPRECATED_OBJC_IMPLEMENTATIONS = YES;
				CLANG_WARN_DIRECT_OBJC_ISA_USAGE = YES_ERROR;
				CLANG_WARN_DOCUMENTATION_COMMENTS = YES;
				CLANG_WARN_EMPTY_BODY = YES;
				CLANG_WARN_ENUM_CONVERSION = YES;
				CLANG_WARN_INFINITE_RECURSION = YES;
				CLANG_WARN_INT_CONVERSION = YES;
				CLANG_WARN_NON_LITERAL_NULL_CONVERSION = YES;
				CLANG_WARN_OBJC_IMPLICIT_RETAIN_SELF = YES;
				CLANG_WARN_OBJC_LITERAL_CONVERSION = YES;
				CLANG_WARN_OBJC_ROOT_CLASS = YES_ERROR;
				CLANG_WARN_QUOTED_INCLUDE_IN_FRAMEWORK_HEADER = YES;
				CLANG_WARN_RANGE_LOOP_ANALYSIS = YES;
				CLANG_WARN_STRICT_PROTOTYPES = YES;
				CLANG_WARN_SUSPICIOUS_MOVE = YES;
				CLANG_WARN_UNGUARDED_AVAILABILITY = YES_AGGRESSIVE;
				CLANG_WARN_UNREACHABLE_CODE = YES;
				CLANG_WARN__DUPLICATE_METHOD_MATCH = YES;
				COPY_PHASE_STRIP = NO;
				DEBUG_INFORMATION_FORMAT = dwarf;
				ENABLE_STRICT_OBJC_MSGSEND = YES;
				ENABLE_TESTABILITY = YES;
				GCC_C_LANGUAGE_STANDARD = gnu11;
				GCC_DYNAMIC_NO_PIC = NO;
				GCC_NO_COMMON_BLOCKS = YES;
				GCC_OPTIMIZATION_LEVEL = 0;
				GCC_PREPROCESSOR_DEFINITIONS = (
					"DEBUG=1",
					"$(inherited)",
				);
				GCC_WARN_64_TO_32_BIT_CONVERSION = YES;
				GCC_WARN_ABOUT_RETURN_TYPE = YES_ERROR;
				GCC_WARN_UNDECLARED_SELECTOR = YES;
				GCC_WARN_UNINITIALIZED_AUTOS = YES_AGGRESSIVE;
				GCC_WARN_UNUSED_FUNCTION = YES;
				GCC_WARN_UNUSED_VARIABLE = YES;
				IPHONEOS_DEPLOYMENT_TARGET = 16.2;
				MTL_ENABLE_DEBUG_INFO = INCLUDE_SOURCE;
				MTL_FAST_MATH = YES;
				ONLY_ACTIVE_ARCH = YES;
				SDKROOT = iphoneos;
				SWIFT_ACTIVE_COMPILATION_CONDITIONS = DEBUG;
				SWIFT_OPTIMIZATION_LEVEL = "-Onone";
			};
			name = Debug;
		};
		5E3ADED62AD229DA0099577A /* Release */ = {
			isa = XCBuildConfiguration;
			buildSettings = {
				ALWAYS_SEARCH_USER_PATHS = NO;
				CLANG_ANALYZER_NONNULL = YES;
				CLANG_ANALYZER_NUMBER_OBJECT_CONVERSION = YES_AGGRESSIVE;
				CLANG_CXX_LANGUAGE_STANDARD = "gnu++20";
				CLANG_ENABLE_MODULES = YES;
				CLANG_ENABLE_OBJC_ARC = YES;
				CLANG_ENABLE_OBJC_WEAK = YES;
				CLANG_WARN_BLOCK_CAPTURE_AUTORELEASING = YES;
				CLANG_WARN_BOOL_CONVERSION = YES;
				CLANG_WARN_COMMA = YES;
				CLANG_WARN_CONSTANT_CONVERSION = YES;
				CLANG_WARN_DEPRECATED_OBJC_IMPLEMENTATIONS = YES;
				CLANG_WARN_DIRECT_OBJC_ISA_USAGE = YES_ERROR;
				CLANG_WARN_DOCUMENTATION_COMMENTS = YES;
				CLANG_WARN_EMPTY_BODY = YES;
				CLANG_WARN_ENUM_CONVERSION = YES;
				CLANG_WARN_INFINITE_RECURSION = YES;
				CLANG_WARN_INT_CONVERSION = YES;
				CLANG_WARN_NON_LITERAL_NULL_CONVERSION = YES;
				CLANG_WARN_OBJC_IMPLICIT_RETAIN_SELF = YES;
				CLANG_WARN_OBJC_LITERAL_CONVERSION = YES;
				CLANG_WARN_OBJC_ROOT_CLASS = YES_ERROR;
				CLANG_WARN_QUOTED_INCLUDE_IN_FRAMEWORK_HEADER = YES;
				CLANG_WARN_RANGE_LOOP_ANALYSIS = YES;
				CLANG_WARN_STRICT_PROTOTYPES = YES;
				CLANG_WARN_SUSPICIOUS_MOVE = YES;
				CLANG_WARN_UNGUARDED_AVAILABILITY = YES_AGGRESSIVE;
				CLANG_WARN_UNREACHABLE_CODE = YES;
				CLANG_WARN__DUPLICATE_METHOD_MATCH = YES;
				COPY_PHASE_STRIP = NO;
				DEBUG_INFORMATION_FORMAT = "dwarf-with-dsym";
				ENABLE_NS_ASSERTIONS = NO;
				ENABLE_STRICT_OBJC_MSGSEND = YES;
				GCC_C_LANGUAGE_STANDARD = gnu11;
				GCC_NO_COMMON_BLOCKS = YES;
				GCC_WARN_64_TO_32_BIT_CONVERSION = YES;
				GCC_WARN_ABOUT_RETURN_TYPE = YES_ERROR;
				GCC_WARN_UNDECLARED_SELECTOR = YES;
				GCC_WARN_UNINITIALIZED_AUTOS = YES_AGGRESSIVE;
				GCC_WARN_UNUSED_FUNCTION = YES;
				GCC_WARN_UNUSED_VARIABLE = YES;
				IPHONEOS_DEPLOYMENT_TARGET = 16.2;
				MTL_ENABLE_DEBUG_INFO = NO;
				MTL_FAST_MATH = YES;
				SDKROOT = iphoneos;
				SWIFT_COMPILATION_MODE = wholemodule;
				SWIFT_OPTIMIZATION_LEVEL = "-O";
				VALIDATE_PRODUCT = YES;
			};
			name = Release;
		};
		5E3ADED82AD229DA0099577A /* Debug */ = {
			isa = XCBuildConfiguration;
			buildSettings = {
				ASSETCATALOG_COMPILER_APPICON_NAME = AppIcon;
				ASSETCATALOG_COMPILER_GLOBAL_ACCENT_COLOR_NAME = AccentColor;
				CODE_SIGN_STYLE = Automatic;
				CURRENT_PROJECT_VERSION = 1;
				GENERATE_INFOPLIST_FILE = YES;
				INFOPLIST_FILE = navigation/Info.plist;
				INFOPLIST_KEY_CFBundleDisplayName = "Kids Story";
				INFOPLIST_KEY_UIApplicationSupportsIndirectInputEvents = YES;
				INFOPLIST_KEY_UILaunchStoryboardName = LaunchScreen;
				INFOPLIST_KEY_UIMainStoryboardFile = Main;
				INFOPLIST_KEY_UISupportedInterfaceOrientations = UIInterfaceOrientationPortrait;
				LD_RUNPATH_SEARCH_PATHS = (
					"$(inherited)",
					"@executable_path/Frameworks",
				);
				MARKETING_VERSION = 1.0;
				PRODUCT_BUNDLE_IDENTIFIER = conestoga.mad.navigation;
				PRODUCT_NAME = "$(TARGET_NAME)";
				SUPPORTED_PLATFORMS = "iphoneos iphonesimulator";
				SUPPORTS_MACCATALYST = NO;
				SUPPORTS_MAC_DESIGNED_FOR_IPHONE_IPAD = NO;
				SWIFT_EMIT_LOC_STRINGS = YES;
				SWIFT_VERSION = 5.0;
				TARGETED_DEVICE_FAMILY = "1,2";
			};
			name = Debug;
		};
		5E3ADED92AD229DA0099577A /* Release */ = {
			isa = XCBuildConfiguration;
			buildSettings = {
				ASSETCATALOG_COMPILER_APPICON_NAME = AppIcon;
				ASSETCATALOG_COMPILER_GLOBAL_ACCENT_COLOR_NAME = AccentColor;
				CODE_SIGN_STYLE = Automatic;
				CURRENT_PROJECT_VERSION = 1;
				GENERATE_INFOPLIST_FILE = YES;
				INFOPLIST_FILE = navigation/Info.plist;
				INFOPLIST_KEY_CFBundleDisplayName = "Kids Story";
				INFOPLIST_KEY_UIApplicationSupportsIndirectInputEvents = YES;
				INFOPLIST_KEY_UILaunchStoryboardName = LaunchScreen;
				INFOPLIST_KEY_UIMainStoryboardFile = Main;
				INFOPLIST_KEY_UISupportedInterfaceOrientations = UIInterfaceOrientationPortrait;
				LD_RUNPATH_SEARCH_PATHS = (
					"$(inherited)",
					"@executable_path/Frameworks",
				);
				MARKETING_VERSION = 1.0;
				PRODUCT_BUNDLE_IDENTIFIER = conestoga.mad.navigation;
				PRODUCT_NAME = "$(TARGET_NAME)";
				SUPPORTED_PLATFORMS = "iphoneos iphonesimulator";
				SUPPORTS_MACCATALYST = NO;
				SUPPORTS_MAC_DESIGNED_FOR_IPHONE_IPAD = NO;
				SWIFT_EMIT_LOC_STRINGS = YES;
				SWIFT_VERSION = 5.0;
				TARGETED_DEVICE_FAMILY = "1,2";
			};
			name = Release;
		};
/* End XCBuildConfiguration section */

/* Begin XCConfigurationList section */
		5E3ADEBE2AD229D70099577A /* Build configuration list for PBXProject "navigation" */ = {
			isa = XCConfigurationList;
			buildConfigurations = (
				5E3ADED52AD229DA0099577A /* Debug */,
				5E3ADED62AD229DA0099577A /* Release */,
			);
			defaultConfigurationIsVisible = 0;
			defaultConfigurationName = Release;
		};
		5E3ADED72AD229DA0099577A /* Build configuration list for PBXNativeTarget "navigation" */ = {
			isa = XCConfigurationList;
			buildConfigurations = (
				5E3ADED82AD229DA0099577A /* Debug */,
				5E3ADED92AD229DA0099577A /* Release */,
			);
			defaultConfigurationIsVisible = 0;
			defaultConfigurationName = Release;
		};
/* End XCConfigurationList section */
	};
	rootObject = 5E3ADEBB2AD229D70099577A /* Project object */;
}
